Microsoft Visual Studio Solution File, Format Version 12.00
# Visual Studio Version 17
VisualStudioVersion = 17.5.2.0
MinimumVisualStudioVersion = 10.0.40219.1
Project("{FAE04EC0-301F-11D3-BF4B-00C04F79EFBC}") = "fax-mono-shad", "fax-mono-shad.csproj", "{2DC7EE8E-BD79-3E2F-A95A-6030B3486589}"
EndProject
Global
	GlobalSection(SolutionConfigurationPlatforms) = preSolution
		Debug|Any CPU = Debug|Any CPU
		Release|Any CPU = Release|Any CPU
	EndGlobalSection
	GlobalSection(ProjectConfigurationPlatforms) = postSolution
		{2DC7EE8E-BD79-3E2F-A95A-6030B3486589}.Debug|Any CPU.ActiveCfg = Debug|Any CPU
		{2DC7EE8E-BD79-3E2F-A95A-6030B3486589}.Debug|Any CPU.Build.0 = Debug|Any CPU
		{2DC7EE8E-BD79-3E2F-A95A-6030B3486589}.Release|Any CPU.ActiveCfg = Release|Any CPU
		{2DC7EE8E-BD79-3E2F-A95A-6030B3486589}.Release|Any CPU.Build.0 = Release|Any CPU
	EndGlobalSection
	GlobalSection(SolutionProperties) = preSolution
		HideSolutionNode = FALSE
	EndGlobalSection
	GlobalSection(ExtensibilityGlobals) = postSolution
		SolutionGuid = {1CC1CE27-B4F0-4299-AADE-3C354C5258D5}
	EndGlobalSection
EndGlobal
